
Microsoft Visual Studio Solution File, Format Version 12.00
# Visual Studio 15
VisualStudioVersion = 15.0.28307.421
MinimumVisualStudioVersion = 10.0.40219.1
Project("{FAE04EC0-301F-11D3-BF4B-00C04F79EFBC}") = "DemoAzureDevops_v1", "DemoAzureDevops_v1\DemoAzureDevops_v1.csproj", "{99B70E92-382C-456C-9292-A72E1C06825D}"
EndProject
Global
	GlobalSection(SolutionConfigurationPlatforms) = preSolution
		Debug|Any CPU = Debug|Any CPU
		Release|Any CPU = Release|Any CPU
	EndGlobalSection
	GlobalSection(ProjectConfigurationPlatforms) = postSolution
		{99B70E92-382C-456C-9292-A72E1C06825D}.Debug|Any CPU.ActiveCfg = Debug|Any CPU
		{99B70E92-382C-456C-9292-A72E1C06825D}.Debug|Any CPU.Build.0 = Debug|Any CPU
		{99B70E92-382C-456C-9292-A72E1C06825D}.Release|Any CPU.ActiveCfg = Release|Any CPU
		{99B70E92-382C-456C-9292-A72E1C06825D}.Release|Any CPU.Build.0 = Release|Any CPU
	EndGlobalSection
	GlobalSection(SolutionProperties) = preSolution
		HideSolutionNode = FALSE
	EndGlobalSection
	GlobalSection(ExtensibilityGlobals) = postSolution
		SolutionGuid = {C3A02CEB-B47C-4573-94B5-6E465C0FA192}
	EndGlobalSection
EndGlobal
